
Microsoft Visual Studio Solution File, Format Version 12.00
# Visual Studio Version 17
VisualStudioVersion = 17.8.34525.116
MinimumVisualStudioVersion = 10.0.40219.1
Project("{FAE04EC0-301F-11D3-BF4B-00C04F79EFBC}") = "iceTask", "iceTask\iceTask.csproj", "{BDC7756A-5DCE-409E-BFA4-D87CA5E7C964}"
EndProject
Global
	GlobalSection(SolutionConfigurationPlatforms) = preSolution
		Debug|Any CPU = Debug|Any CPU
		Release|Any CPU = Release|Any CPU
	EndGlobalSection
	GlobalSection(ProjectConfigurationPlatforms) = postSolution
		{BDC7756A-5DCE-409E-BFA4-D87CA5E7C964}.Debug|Any CPU.ActiveCfg = Debug|Any CPU
		{BDC7756A-5DCE-409E-BFA4-D87CA5E7C964}.Debug|Any CPU.Build.0 = Debug|Any CPU
		{BDC7756A-5DCE-409E-BFA4-D87CA5E7C964}.Release|Any CPU.ActiveCfg = Release|Any CPU
		{BDC7756A-5DCE-409E-BFA4-D87CA5E7C964}.Release|Any CPU.Build.0 = Release|Any CPU
	EndGlobalSection
	GlobalSection(SolutionProperties) = preSolution
		HideSolutionNode = FALSE
	EndGlobalSection
	GlobalSection(ExtensibilityGlobals) = postSolution
		SolutionGuid = {E9A8EB1D-36C0-4E95-898F-497C59C101EE}
	EndGlobalSection
EndGlobal
